{
  "name": "grindhaus",
  "lockfileVersion": 3,
  "requires": true,
  "packages": {
    "": {
      "dependencies": {
        "@studio-freight/lenis": "^1.0.42",
        "lucide-react": "^0.542.0"
      }
    },
    "node_modules/@studio-freight/lenis": {
      "version": "1.0.42",
      "resolved": "https://registry.npmjs.org/@studio-freight/lenis/-/lenis-1.0.42.tgz",
      "integrity": "sha512-HJAGf2DeM+BTvKzHv752z6Z7zy6bA643nZM7W88Ft9tnw2GsJSp6iJ+3cekjyMIWH+cloL2U9X82dKXgdU8kPg==",
      "deprecated": "The '@studio-freight/lenis' package has been renamed to 'lenis'. Please update your dependencies: npm install lenis and visit the documentation: https://www.npmjs.com/package/lenis",
      "license": "MIT"
    },
    "node_modules/lucide-react": {
      "version": "0.542.0",
      "resolved": "https://registry.npmjs.org/lucide-react/-/lucide-react-0.542.0.tgz",
      "integrity": "sha512-w3hD8/SQB7+lzU2r4VdFyzzOzKnUjTZIF/MQJGSSvni7Llewni4vuViRppfRAa2guOsY5k4jZyxw/i9DQHv+dw==",
      "license": "ISC",
      "peerDependencies": {
        "react": "^16.5.1 || ^17.0.0 || ^18.0.0 || ^19.0.0"
      }
    },
    "node_modules/react": {
      "version": "19.1.1",
      "resolved": "https://registry.npmjs.org/react/-/react-19.1.1.tgz",
      "integrity": "sha512-w8nqGImo45dmMIfljjMwOGtbmC/mk4CMYhWIicdSflH91J9TyCyczcPFXJzrZ/ZXcgGRFeP6BU0BEJTw6tZdfQ==",
      "license": "MIT",
      "peer": true,
      "engines": {
        "node": ">=0.10.0"
      }
    }
  }
}
